// !$*UTF8*$!
{
	archiveVersion = 1;
	classes = {
	};
	objectVersion = 50;
	objects = {

/* Begin PBXBuildFile section */
		BF600AD527668A38000D96D3 /* AppDelegate.swift in Sources */ = {isa = PBXBuildFile; fileRef = BF600AD427668A38000D96D3 /* AppDelegate.swift */; };
		BF600AD727668A38000D96D3 /* SceneDelegate.swift in Sources */ = {isa = PBXBuildFile; fileRef = BF600AD627668A38000D96D3 /* SceneDelegate.swift */; };
		BF600AD927668A38000D96D3 /* LoginViewController.swift in Sources */ = {isa = PBXBuildFile; fileRef = BF600AD827668A38000D96D3 /* LoginViewController.swift */; };
		BF600ADC27668A38000D96D3 /* Main.storyboard in Resources */ = {isa = PBXBuildFile; fileRef = BF600ADA27668A38000D96D3 /* Main.storyboard */; };
		BF600ADE27668A49000D96D3 /* Assets.xcassets in Resources */ = {isa = PBXBuildFile; fileRef = BF600ADD27668A49000D96D3 /* Assets.xcassets */; };
		BF600AE127668A49000D96D3 /* LaunchScreen.storyboard in Resources */ = {isa = PBXBuildFile; fileRef = BF600ADF27668A49000D96D3 /* LaunchScreen.storyboard */; };
		BF600AE927669014000D96D3 /* TasksViewController.swift in Sources */ = {isa = PBXBuildFile; fileRef = BF600AE827669014000D96D3 /* TasksViewController.swift */; };
/* End PBXBuildFile section */

/* Begin PBXFileReference section */
		BF600AD127668A38000D96D3 /* Firebase_ToDoList.app */ = {isa = PBXFileReference; explicitFileType = wrapper.application; includeInIndex = 0; path = Firebase_ToDoList.app; sourceTree = BUILT_PRODUCTS_DIR; };
		BF600AD427668A38000D96D3 /* AppDelegate.swift */ = {isa = PBXFileReference; lastKnownFileType = sourcecode.swift; path = AppDelegate.swift; sourceTree = "<group>"; };
		BF600AD627668A38000D96D3 /* SceneDelegate.swift */ = {isa = PBXFileReference; lastKnownFileType = sourcecode.swift; path = SceneDelegate.swift; sourceTree = "<group>"; };
		BF600AD827668A38000D96D3 /* LoginViewController.swift */ = {isa = PBXFileReference; lastKnownFileType = sourcecode.swift; path = LoginViewController.swift; sourceTree = "<group>"; };
		BF600ADB27668A38000D96D3 /* Base */ = {isa = PBXFileReference; lastKnownFileType = file.storyboard; name = Base; path = Base.lproj/Main.storyboard; sourceTree = "<group>"; };
		BF600ADD27668A49000D96D3 /* Assets.xcassets */ = {isa = PBXFileReference; lastKnownFileType = folder.assetcatalog; path = Assets.xcassets; sourceTree = "<group>"; };
		BF600AE027668A49000D96D3 /* Base */ = {isa = PBXFileReference; lastKnownFileType = file.storyboard; name = Base; path = Base.lproj/LaunchScreen.storyboard; sourceTree = "<group>"; };
		BF600AE227668A49000D96D3 /* Info.plist */ = {isa = PBXFileReference; lastKnownFileType = text.plist.xml; path = Info.plist; sourceTree = "<group>"; };
		BF600AE827669014000D96D3 /* TasksViewController.swift */ = {isa = PBXFileReference; lastKnownFileType = sourcecode.swift; path = TasksViewController.swift; sourceTree = "<group>"; };
/* End PBXFileReference section */

/* Begin PBXFrameworksBuildPhase section */
		BF600ACE27668A38000D96D3 /* Frameworks */ = {
			isa = PBXFrameworksBuildPhase;
			buildActionMask = 2147483647;
			files = (
			);
			runOnlyForDeploymentPostprocessing = 0;
		};
/* End PBXFrameworksBuildPhase section */

/* Begin PBXGroup section */
		BF600AC827668A38000D96D3 = {
			isa = PBXGroup;
			children = (
				BF600AD327668A38000D96D3 /* Firebase_ToDoList */,
				BF600AD227668A38000D96D3 /* Products */,
			);
			sourceTree = "<group>";
		};
		BF600AD227668A38000D96D3 /* Products */ = {
			isa = PBXGroup;
			children = (
				BF600AD127668A38000D96D3 /* Firebase_ToDoList.app */,
			);
			name = Products;
			sourceTree = "<group>";
		};
		BF600AD327668A38000D96D3 /* Firebase_ToDoList */ = {
			isa = PBXGroup;
			children = (
				BF600AEB27669077000D96D3 /* Controllers */,
				BF600AD427668A38000D96D3 /* AppDelegate.swift */,
				BF600AD627668A38000D96D3 /* SceneDelegate.swift */,
				BF600ADA27668A38000D96D3 /* Main.storyboard */,
				BF600ADD27668A49000D96D3 /* Assets.xcassets */,
				BF600ADF27668A49000D96D3 /* LaunchScreen.storyboard */,
				BF600AE227668A49000D96D3 /* Info.plist */,
			);
			path = Firebase_ToDoList;
			sourceTree = "<group>";
		};
		BF600AEB27669077000D96D3 /* Controllers */ = {
			isa = PBXGroup;
			children = (
				BF600AD827668A38000D96D3 /* LoginViewController.swift */,
				BF600AE827669014000D96D3 /* TasksViewController.swift */,
			);
			path = Controllers;
			sourceTree = "<group>";
		};
/* End PBXGroup section */

/* Begin PBXNativeTarget section */
		BF600AD027668A38000D96D3 /* Firebase_ToDoList */ = {
			isa = PBXNativeTarget;
			buildConfigurationList = BF600AE527668A49000D96D3 /* Build configuration list for PBXNativeTarget "Firebase_ToDoList" */;
			buildPhases = (
				BF600ACD27668A38000D96D3 /* Sources */,
				BF600ACE27668A38000D96D3 /* Frameworks */,
				BF600ACF27668A38000D96D3 /* Resources */,
			);
			buildRules = (
			);
			dependencies = (
			);
			name = Firebase_ToDoList;
			productName = Firebase_ToDoList;
			productReference = BF600AD127668A38000D96D3 /* Firebase_ToDoList.app */;
			productType = "com.apple.product-type.application";
		};
/* End PBXNativeTarget section */

/* Begin PBXProject section */
		BF600AC927668A38000D96D3 /* Project object */ = {
			isa = PBXProject;
			attributes = {
				LastSwiftUpdateCheck = 1250;
				LastUpgradeCheck = 1250;
				TargetAttributes = {
					BF600AD027668A38000D96D3 = {
						CreatedOnToolsVersion = 12.5;
					};
				};
			};
			buildConfigurationList = BF600ACC27668A38000D96D3 /* Build configuration list for PBXProject "Firebase_ToDoList" */;
			compatibilityVersion = "Xcode 9.3";
			developmentRegion = en;
			hasScannedForEncodings = 0;
			knownRegions = (
				en,
				Base,
			);
			mainGroup = BF600AC827668A38000D96D3;
			productRefGroup = BF600AD227668A38000D96D3 /* Products */;
			projectDirPath = "";
			projectRoot = "";
			targets = (
				BF600AD027668A38000D96D3 /* Firebase_ToDoList */,
			);
		};
/* End PBXProject section */

/* Begin PBXResourcesBuildPhase section */
		BF600ACF27668A38000D96D3 /* Resources */ = {
			isa = PBXResourcesBuildPhase;
			buildActionMask = 2147483647;
			files = (
				BF600AE127668A49000D96D3 /* LaunchScreen.storyboard in Resources */,
				BF600ADE27668A49000D96D3 /* Assets.xcassets in Resources */,
				BF600ADC27668A38000D96D3 /* Main.storyboard in Resources */,
			);
			runOnlyForDeploymentPostprocessing = 0;
		};
/* End PBXResourcesBuildPhase section */

/* Begin PBXSourcesBuildPhase section */
		BF600ACD27668A38000D96D3 /* Sources */ = {
			isa = PBXSourcesBuildPhase;
			buildActionMask = 2147483647;
			files = (
				BF600AD927668A38000D96D3 /* LoginViewController.swift in Sources */,
				BF600AE927669014000D96D3 /* TasksViewController.swift in Sources */,
				BF600AD527668A38000D96D3 /* AppDelegate.swift in Sources */,
				BF600AD727668A38000D96D3 /* SceneDelegate.swift in Sources */,
			);
			runOnlyForDeploymentPostprocessing = 0;
		};
/* End PBXSourcesBuildPhase section */

/* Begin PBXVariantGroup section */
		BF600ADA27668A38000D96D3 /* Main.storyboard */ = {
			isa = PBXVariantGroup;
			children = (
				BF600ADB27668A38000D96D3 /* Base */,
			);
			name = Main.storyboard;
			sourceTree = "<group>";
		};
		BF600ADF27668A49000D96D3 /* LaunchScreen.storyboard */ = {
			isa = PBXVariantGroup;
			children = (
				BF600AE027668A49000D96D3 /* Base */,
			);
			name = LaunchScreen.storyboard;
			sourceTree = "<group>";
		};
/* End PBXVariantGroup section */

/* Begin XCBuildConfiguration section */
		BF600AE327668A49000D96D3 /* Debug */ = {
			isa = XCBuildConfiguration;
			buildSettings = {
				ALWAYS_SEARCH_USER_PATHS = NO;
				CLANG_ANALYZER_NONNULL = YES;
				CLANG_ANALYZER_NUMBER_OBJECT_CONVERSION = YES_AGGRESSIVE;
				CLANG_CXX_LANGUAGE_STANDARD = "gnu++14";
				CLANG_CXX_LIBRARY = "libc++";
				CLANG_ENABLE_MODULES = YES;
				CLANG_ENABLE_OBJC_ARC = YES;
				CLANG_ENABLE_OBJC_WEAK = YES;
				CLANG_WARN_BLOCK_CAPTURE_AUTORELEASING = YES;
				CLANG_WARN_BOOL_CONVERSION = YES;
				CLANG_WARN_COMMA = YES;
				CLANG_WARN_CONSTANT_CONVERSION = YES;
				CLANG_WARN_DEPRECATED_OBJC_IMPLEMENTATIONS = YES;
				CLANG_WARN_DIRECT_OBJC_ISA_USAGE = YES_ERROR;
				CLANG_WARN_DOCUMENTATION_COMMENTS = YES;
				CLANG_WARN_EMPTY_BODY = YES;
				CLANG_WARN_ENUM_CONVERSION = YES;
				CLANG_WARN_INFINITE_RECURSION = YES;
				CLANG_WARN_INT_CONVERSION = YES;
				CLANG_WARN_NON_LITERAL_NULL_CONVERSION = YES;
				CLANG_WARN_OBJC_IMPLICIT_RETAIN_SELF = YES;
				CLANG_WARN_OBJC_LITERAL_CONVERSION = YES;
				CLANG_WARN_OBJC_ROOT_CLASS = YES_ERROR;
				CLANG_WARN_QUOTED_INCLUDE_IN_FRAMEWORK_HEADER = YES;
				CLANG_WARN_RANGE_LOOP_ANALYSIS = YES;
				CLANG_WARN_STRICT_PROTOTYPES = YES;
				CLANG_WARN_SUSPICIOUS_MOVE = YES;
				CLANG_WARN_UNGUARDED_AVAILABILITY = YES_AGGRESSIVE;
				CLANG_WARN_UNREACHABLE_CODE = YES;
				CLANG_WARN__DUPLICATE_METHOD_MATCH = YES;
				COPY_PHASE_STRIP = NO;
				DEBUG_INFORMATION_FORMAT = dwarf;
				ENABLE_STRICT_OBJC_MSGSEND = YES;
				ENABLE_TESTABILITY = YES;
				GCC_C_LANGUAGE_STANDARD = gnu11;
				GCC_DYNAMIC_NO_PIC = NO;
				GCC_NO_COMMON_BLOCKS = YES;
				GCC_OPTIMIZATION_LEVEL = 0;
				GCC_PREPROCESSOR_DEFINITIONS = (
					"DEBUG=1",
					"$(inherited)",
				);
				GCC_WARN_64_TO_32_BIT_CONVERSION = YES;
				GCC_WARN_ABOUT_RETURN_TYPE = YES_ERROR;
				GCC_WARN_UNDECLARED_SELECTOR = YES;
				GCC_WARN_UNINITIALIZED_AUTOS = YES_AGGRESSIVE;
				GCC_WARN_UNUSED_FUNCTION = YES;
				GCC_WARN_UNUSED_VARIABLE = YES;
				IPHONEOS_DEPLOYMENT_TARGET = 14.5;
				MTL_ENABLE_DEBUG_INFO = INCLUDE_SOURCE;
				MTL_FAST_MATH = YES;
				ONLY_ACTIVE_ARCH = YES;
				SDKROOT = iphoneos;
				SWIFT_ACTIVE_COMPILATION_CONDITIONS = DEBUG;
				SWIFT_OPTIMIZATION_LEVEL = "-Onone";
			};
			name = Debug;
		};
		BF600AE427668A49000D96D3 /* Release */ = {
			isa = XCBuildConfiguration;
			buildSettings = {
				ALWAYS_SEARCH_USER_PATHS = NO;
				CLANG_ANALYZER_NONNULL = YES;
				CLANG_ANALYZER_NUMBER_OBJECT_CONVERSION = YES_AGGRESSIVE;
				CLANG_CXX_LANGUAGE_STANDARD = "gnu++14";
				CLANG_CXX_LIBRARY = "libc++";
				CLANG_ENABLE_MODULES = YES;
				CLANG_ENABLE_OBJC_ARC = YES;
				CLANG_ENABLE_OBJC_WEAK = YES;
				CLANG_WARN_BLOCK_CAPTURE_AUTORELEASING = YES;
				CLANG_WARN_BOOL_CONVERSION = YES;
				CLANG_WARN_COMMA = YES;
				CLANG_WARN_CONSTANT_CONVERSION = YES;
				CLANG_WARN_DEPRECATED_OBJC_IMPLEMENTATIONS = YES;
				CLANG_WARN_DIRECT_OBJC_ISA_USAGE = YES_ERROR;
				CLANG_WARN_DOCUMENTATION_COMMENTS = YES;
				CLANG_WARN_EMPTY_BODY = YES;
				CLANG_WARN_ENUM_CONVERSION = YES;
				CLANG_WARN_INFINITE_RECURSION = YES;
				CLANG_WARN_INT_CONVERSION = YES;
				CLANG_WARN_NON_LITERAL_NULL_CONVERSION = YES;
				CLANG_WARN_OBJC_IMPLICIT_RETAIN_SELF = YES;
				CLANG_WARN_OBJC_LITERAL_CONVERSION = YES;
				CLANG_WARN_OBJC_ROOT_CLASS = YES_ERROR;
				CLANG_WARN_QUOTED_INCLUDE_IN_FRAMEWORK_HEADER = YES;
				CLANG_WARN_RANGE_LOOP_ANALYSIS = YES;
				CLANG_WARN_STRICT_PROTOTYPES = YES;
				CLANG_WARN_SUSPICIOUS_MOVE = YES;
				CLANG_WARN_UNGUARDED_AVAILABILITY = YES_AGGRESSIVE;
				CLANG_WARN_UNREACHABLE_CODE = YES;
				CLANG_WARN__DUPLICATE_METHOD_MATCH = YES;
				COPY_PHASE_STRIP = NO;
				DEBUG_INFORMATION_FORMAT = "dwarf-with-dsym";
				ENABLE_NS_ASSERTIONS = NO;
				ENABLE_STRICT_OBJC_MSGSEND = YES;
				GCC_C_LANGUAGE_STANDARD = gnu11;
				GCC_NO_COMMON_BLOCKS = YES;
				GCC_WARN_64_TO_32_BIT_CONVERSION = YES;
				GCC_WARN_ABOUT_RETURN_TYPE = YES_ERROR;
				GCC_WARN_UNDECLARED_SELECTOR = YES;
				GCC_WARN_UNINITIALIZED_AUTOS = YES_AGGRESSIVE;
				GCC_WARN_UNUSED_FUNCTION = YES;
				GCC_WARN_UNUSED_VARIABLE = YES;
				IPHONEOS_DEPLOYMENT_TARGET = 14.5;
				MTL_ENABLE_DEBUG_INFO = NO;
				MTL_FAST_MATH = YES;
				SDKROOT = iphoneos;
				SWIFT_COMPILATION_MODE = wholemodule;
				SWIFT_OPTIMIZATION_LEVEL = "-O";
				VALIDATE_PRODUCT = YES;
			};
			name = Release;
		};
		BF600AE627668A49000D96D3 /* Debug */ = {
			isa = XCBuildConfiguration;
			buildSettings = {
				ASSETCATALOG_COMPILER_APPICON_NAME = AppIcon;
				ASSETCATALOG_COMPILER_GLOBAL_ACCENT_COLOR_NAME = AccentColor;
				CODE_SIGN_STYLE = Automatic;
				DEVELOPMENT_TEAM = HGNXB64TGD;
				INFOPLIST_FILE = Firebase_ToDoList/Info.plist;
				LD_RUNPATH_SEARCH_PATHS = (
					"$(inherited)",
					"@executable_path/Frameworks",
				);
				PRODUCT_BUNDLE_IDENTIFIER = "max.com.Firebase-ToDoList";
				PRODUCT_NAME = "$(TARGET_NAME)";
				SWIFT_VERSION = 5.0;
				TARGETED_DEVICE_FAMILY = "1,2";
			};
			name = Debug;
		};
		BF600AE727668A49000D96D3 /* Release */ = {
			isa = XCBuildConfiguration;
			buildSettings = {
				ASSETCATALOG_COMPILER_APPICON_NAME = AppIcon;
				ASSETCATALOG_COMPILER_GLOBAL_ACCENT_COLOR_NAME = AccentColor;
				CODE_SIGN_STYLE = Automatic;
				DEVELOPMENT_TEAM = HGNXB64TGD;
				INFOPLIST_FILE = Firebase_ToDoList/Info.plist;
				LD_RUNPATH_SEARCH_PATHS = (
					"$(inherited)",
					"@executable_path/Frameworks",
				);
				PRODUCT_BUNDLE_IDENTIFIER = "max.com.Firebase-ToDoList";
				PRODUCT_NAME = "$(TARGET_NAME)";
				SWIFT_VERSION = 5.0;
				TARGETED_DEVICE_FAMILY = "1,2";
			};
			name = Release;
		};
/* End XCBuildConfiguration section */

/* Begin XCConfigurationList section */
		BF600ACC27668A38000D96D3 /* Build configuration list for PBXProject "Firebase_ToDoList" */ = {
			isa = XCConfigurationList;
			buildConfigurations = (
				BF600AE327668A49000D96D3 /* Debug */,
				BF600AE427668A49000D96D3 /* Release */,
			);
			defaultConfigurationIsVisible = 0;
			defaultConfigurationName = Release;
		};
		BF600AE527668A49000D96D3 /* Build configuration list for PBXNativeTarget "Firebase_ToDoList" */ = {
			isa = XCConfigurationList;
			buildConfigurations = (
				BF600AE627668A49000D96D3 /* Debug */,
				BF600AE727668A49000D96D3 /* Release */,
			);
			defaultConfigurationIsVisible = 0;
			defaultConfigurationName = Release;
		};
/* End XCConfigurationList section */
	};
	rootObject = BF600AC927668A38000D96D3 /* Project object */;
}
